{
  "name": "bitcoyne",
  "version": "1.0.4",
  "lockfileVersion": 1,
  "requires": true,
  "dependencies": {
    "base32.js": {
      "version": "0.1.0",
      "resolved": "https://registry.npmjs.org/base32.js/-/base32.js-0.1.0.tgz",
      "integrity": "sha1-tYLexpPC8R6JPPBk7mrFthMaIgI="
    },
    "base64-js": {
      "version": "1.3.0",
      "resolved": "https://registry.npmjs.org/base64-js/-/base64-js-1.3.0.tgz",
      "integrity": "sha512-ccav/yGvoa80BQDljCxsmmQ3Xvx60/UpBIij5QN21W3wBi/hhIC9OoO+KLpu9IJTS9j4DRVJ3aDDF9cMSoa2lw==",
      "dev": true
    },
    "bech32": {
      "version": "1.1.3",
      "resolved": "https://registry.npmjs.org/bech32/-/bech32-1.1.3.tgz",
      "integrity": "sha512-yuVFUvrNcoJi0sv5phmqc6P+Fl1HjRDRNOOkHY2X/3LBy2bIGNSFx4fZ95HMaXHupuS7cZR15AsvtmCIF4UEyg=="
    },
    "bignumber.js": {
      "version": "4.1.0",
      "resolved": "https://registry.npmjs.org/bignumber.js/-/bignumber.js-4.1.0.tgz",
      "integrity": "sha512-eJzYkFYy9L4JzXsbymsFn3p54D+llV27oTQ+ziJG7WFRheJcNZilgVXMG0LoZtlQSKBsJdWtLFqOD0u+U0jZKA==",
      "dev": true
    },
    "bindings": {
      "version": "1.3.0",
      "resolved": "https://registry.npmjs.org/bindings/-/bindings-1.3.0.tgz",
      "integrity": "sha512-DpLh5EzMR2kzvX1KIlVC0VkC3iZtHKTgdtZ0a3pglBZdaQFjt5S9g9xd1lE+YvXyfd6mtCeRnrUfOLYiTMlNSw==",
      "dev": true,
      "optional": true
    },
    "bn": {
      "version": "1.0.1",
      "resolved": "https://registry.npmjs.org/bn/-/bn-1.0.1.tgz",
      "integrity": "sha1-oVOCXmsessLbdyYUmwR6B84KO7M="
    },
    "buffer": {
      "version": "5.2.1",
      "resolved": "https://registry.npmjs.org/buffer/-/buffer-5.2.1.tgz",
      "integrity": "sha512-c+Ko0loDaFfuPWiL02ls9Xd3GO3cPVmUobQ6t3rXNUk304u6hGq+8N/kFi+QEIKhzK3uwolVhLzszmfLmMLnqg==",
      "dev": true,
      "requires": {
        "base64-js": "^1.0.2",
        "ieee754": "^1.1.4"
      }
    },
    "bzip-deflate": {
      "version": "1.0.0",
      "resolved": "https://registry.npmjs.org/bzip-deflate/-/bzip-deflate-1.0.0.tgz",
      "integrity": "sha1-sC2wB+83vrzCk4Skssb08PTHlsk="
    },
    "colors": {
      "version": "0.6.2",
      "resolved": "https://registry.npmjs.org/colors/-/colors-0.6.2.tgz",
      "integrity": "sha1-JCP+ZnisDF2uiFLl0OW+CMmXq8w=",
      "dev": true
    },
    "crc": {
      "version": "3.8.0",
      "resolved": "https://registry.npmjs.org/crc/-/crc-3.8.0.tgz",
      "integrity": "sha512-iX3mfgcTMIq3ZKLIsVFAbv7+Mc10kxabAGQb8HvjA1o3T1PIYprbakQ65d3I+2HGHt6nSKkM9PYjgoJO2KcFBQ==",
      "dev": true,
      "requires": {
        "buffer": "^5.1.0"
      }
    },
    "cursor": {
      "version": "0.1.5",
      "resolved": "https://registry.npmjs.org/cursor/-/cursor-0.1.5.tgz",
      "integrity": "sha1-6neMKwnTPC5WT9khRwdnUEg+uyw=",
      "dev": true
    },
    "deep-equal": {
      "version": "1.0.1",
      "resolved": "https://registry.npmjs.org/deep-equal/-/deep-equal-1.0.1.tgz",
      "integrity": "sha1-9dJgKStmDghO/0zbyfCK0yR0SLU="
    },
    "ed25519": {
      "version": "0.0.4",
      "resolved": "https://registry.npmjs.org/ed25519/-/ed25519-0.0.4.tgz",
      "integrity": "sha1-5WIYrOL8kD0llZOu8LKpY59HW+s=",
      "dev": true,
      "optional": true,
      "requires": {
        "bindings": "^1.2.1",
        "nan": "^2.0.9"
      }
    },
    "iced-coffee-script": {
      "version": "108.0.11",
      "resolved": "https://registry.npmjs.org/iced-coffee-script/-/iced-coffee-script-108.0.11.tgz",
      "integrity": "sha1-HXH/k8kElyimRoOFqpvIkf10xY8=",
      "dev": true,
      "requires": {
        "iced-runtime": ">=0.0.1"
      }
    },
    "iced-error": {
      "version": "0.0.9",
      "resolved": "https://registry.npmjs.org/iced-error/-/iced-error-0.0.9.tgz",
      "integrity": "sha1-x8MFdhTAoYfZaz0YxtUg5rhy7Tc="
    },
    "iced-lock": {
      "version": "1.1.0",
      "resolved": "https://registry.npmjs.org/iced-lock/-/iced-lock-1.1.0.tgz",
      "integrity": "sha1-YRbvHKs6zW5rEIk7snumIv0/3nI=",
      "requires": {
        "iced-runtime": "^1.0.0"
      }
    },
    "iced-runtime": {
      "version": "1.0.3",
      "resolved": "https://registry.npmjs.org/iced-runtime/-/iced-runtime-1.0.3.tgz",
      "integrity": "sha1-LU9PuZmreqVDCxk8d6f85BGDGc4="
    },
    "iced-test": {
      "version": "0.0.23",
      "resolved": "https://registry.npmjs.org/iced-test/-/iced-test-0.0.23.tgz",
      "integrity": "sha1-KJeFDMV4zuJKl8II8wKnXBYVzas=",
      "dev": true,
      "requires": {
        "colors": ">=0.6.2",
        "deep-equal": ">=0.2.1",
        "iced-runtime": "^1.0.3",
        "minimist": ">=0.0.8"
      }
    },
    "ieee754": {
      "version": "1.1.12",
      "resolved": "https://registry.npmjs.org/ieee754/-/ieee754-1.1.12.tgz",
      "integrity": "sha512-GguP+DRY+pJ3soyIiGPTvdiVXjZ+DbXOxGpXn3eMvNW4x4irjqXm4wHKscC+TfxSJ0yw/S1F24tqdMNsMZTiLA==",
      "dev": true
    },
    "inherits": {
      "version": "2.0.3",
      "resolved": "https://registry.npmjs.org/inherits/-/inherits-2.0.3.tgz",
      "integrity": "sha1-Yzwsg+PaQqUC9SRmAiSA9CCCYd4=",
      "dev": true
    },
    "js-xdr": {
      "version": "1.0.5",
      "resolved": "https://registry.npmjs.org/js-xdr/-/js-xdr-1.0.5.tgz",
      "integrity": "sha512-v0jffMa8bko3uFcGYt1lHrtpd1adhH6qk41RfLPsNPj77/K8fi7LOi4+lUUY3MBEIFnJgaGHrbc6sxdTwHImxQ==",
      "dev": true,
      "requires": {
        "cursor": "^0.1.5",
        "lodash": "^4.17.5",
        "long": "^2.2.3"
      }
    },
    "kbpgp": {
      "version": "2.0.58",
      "resolved": "https://registry.npmjs.org/kbpgp/-/kbpgp-2.0.58.tgz",
      "integrity": "sha1-zsP+NHq7G7azFN0N/P8Vc5kOB1k=",
      "requires": {
        "bn": "^1.0.0",
        "bzip-deflate": "^1.0.0",
        "deep-equal": ">=0.2.1",
        "iced-error": ">=0.0.9",
        "iced-lock": "^1.0.2",
        "iced-runtime": "^1.0.3",
        "keybase-ecurve": "^1.0.0",
        "keybase-nacl": "^1.0.0",
        "minimist": "^1.2.0",
        "pgp-utils": ">=0.0.30",
        "purepack": ">=1.0.4",
        "triplesec": ">=3.0.19",
        "tweetnacl": "^0.13.1"
      },
      "dependencies": {
        "minimist": {
          "version": "1.2.0",
          "resolved": "https://registry.npmjs.org/minimist/-/minimist-1.2.0.tgz",
          "integrity": "sha1-o1AIsg9BOD7sH7kU9M1d95omQoQ="
        },
        "pgp-utils": {
          "version": "0.0.30",
          "resolved": "https://registry.npmjs.org/pgp-utils/-/pgp-utils-0.0.30.tgz",
          "integrity": "sha1-B+dCLXoS+WzSkaH+sJrE9lewCJE=",
          "requires": {
            "iced-error": ">=0.0.8",
            "iced-runtime": ">=0.0.1"
          }
        }
      }
    },
    "keybase-ecurve": {
      "version": "1.0.0",
      "resolved": "https://registry.npmjs.org/keybase-ecurve/-/keybase-ecurve-1.0.0.tgz",
      "integrity": "sha1-xrxyrdpGA/0xhP7n6ZaU7Y/WmtI=",
      "requires": {
        "bn": "^1.0.0"
      }
    },
    "keybase-nacl": {
      "version": "1.0.10",
      "resolved": "https://registry.npmjs.org/keybase-nacl/-/keybase-nacl-1.0.10.tgz",
      "integrity": "sha1-OGWDHpSBUWSI33y9mJRn6VDYeos=",
      "requires": {
        "iced-runtime": "^1.0.2",
        "tweetnacl": "^0.13.1",
        "uint64be": "^1.0.1"
      }
    },
    "lodash": {
      "version": "4.17.11",
      "resolved": "https://registry.npmjs.org/lodash/-/lodash-4.17.11.tgz",
      "integrity": "sha512-cQKh8igo5QUhZ7lg38DYWAxMvjSAKG0A8wGSVimP07SIUEK2UO+arSRKbRZWtelMtN5V0Hkwh5ryOto/SshYIg==",
      "dev": true
    },
    "long": {
      "version": "2.4.0",
      "resolved": "https://registry.npmjs.org/long/-/long-2.4.0.tgz",
      "integrity": "sha1-n6GAux2VAM3CnEFWdmoZleH0Uk8=",
      "dev": true
    },
    "minimist": {
      "version": "0.1.0",
      "resolved": "https://registry.npmjs.org/minimist/-/minimist-0.1.0.tgz",
      "integrity": "sha1-md9lelJXTCHJBXSX33QnkLK0wN4=",
      "dev": true
    },
    "more-entropy": {
      "version": "0.0.7",
      "resolved": "https://registry.npmjs.org/more-entropy/-/more-entropy-0.0.7.tgz",
      "integrity": "sha1-Z7/G96hvJvvDeqyD/UbYjGHRCbU=",
      "requires": {
        "iced-runtime": ">=0.0.1"
      }
    },
    "nan": {
      "version": "2.11.1",
      "resolved": "https://registry.npmjs.org/nan/-/nan-2.11.1.tgz",
      "integrity": "sha512-iji6k87OSXa0CcrLl9z+ZiYSuR2o+c0bGuNmXdrhTQTakxytAFsC56SArGYoiHlJlFoHSnvmhpceZJaXkVuOtA==",
      "dev": true,
      "optional": true
    },
    "pgp-utils": {
      "version": "0.0.30",
      "resolved": "https://registry.npmjs.org/pgp-utils/-/pgp-utils-0.0.30.tgz",
      "integrity": "sha1-B+dCLXoS+WzSkaH+sJrE9lewCJE=",
      "requires": {
        "iced-error": ">=0.0.8",
        "iced-runtime": ">=0.0.1"
      }
    },
    "progress": {
      "version": "1.1.8",
      "resolved": "https://registry.npmjs.org/progress/-/progress-1.1.8.tgz",
      "integrity": "sha1-4mDHj2Fhzdmw5WzD4Khd4Xx6V74="
    },
    "purepack": {
      "version": "1.0.4",
      "resolved": "https://registry.npmjs.org/purepack/-/purepack-1.0.4.tgz",
      "integrity": "sha1-CGKC/ZOShfWGZLqam7oxzbFlzNI="
    },
    "safe-buffer": {
      "version": "5.1.2",
      "resolved": "https://registry.npmjs.org/safe-buffer/-/safe-buffer-5.1.2.tgz",
      "integrity": "sha512-Gd2UZBJDkXlY7GbJxfsE8/nvKkUEU1G38c1siN6QP6a9PT9MmHB8GnpscSmMJSoF8LOIrt8ud/wPtojys4G6+g==",
      "dev": true
    },
    "sha.js": {
      "version": "2.4.11",
      "resolved": "http://registry.npmjs.org/sha.js/-/sha.js-2.4.11.tgz",
      "integrity": "sha512-QMEp5B7cftE7APOjk5Y6xgrbWu+WkLVQwk8JNjZ8nKRciZaByEW6MubieAiToS7+dwvrjGhH8jRXz3MVd0AYqQ==",
      "dev": true,
      "requires": {
        "inherits": "^2.0.1",
        "safe-buffer": "^5.0.1"
      }
    },
    "stellar-base": {
      "version": "0.7.8",
      "resolved": "https://registry.npmjs.org/stellar-base/-/stellar-base-0.7.8.tgz",
      "integrity": "sha512-bbykAcgpP2r+eqxg+yDI3aL8eetp11f9SwOcU/DKF4Vg0f7MQFJtfd5VlNrzXWhyf0XkpA2TGirBJO5LMiK9/A==",
      "dev": true,
      "requires": {
        "base32.js": "~0.1.0",
        "bignumber.js": "^4.0.0",
        "crc": "^3.3.0",
        "ed25519": "0.0.4",
        "js-xdr": "^1.0.0",
        "lodash": "^4.17.10",
        "sha.js": "^2.3.6",
        "tweetnacl": "^1.0.0"
      },
      "dependencies": {
        "tweetnacl": {
          "version": "1.0.0",
          "resolved": "https://registry.npmjs.org/tweetnacl/-/tweetnacl-1.0.0.tgz",
          "integrity": "sha1-cT2LgY2kIGh0C/aDhtBHnmb8ins=",
          "dev": true
        }
      }
    },
    "triplesec": {
      "version": "3.0.25",
      "resolved": "http://registry.npmjs.org/triplesec/-/triplesec-3.0.25.tgz",
      "integrity": "sha1-xmgzVIZG7/vQMd4B3eTtByGqrVg=",
      "requires": {
        "iced-error": ">=0.0.9",
        "iced-lock": "^1.0.1",
        "iced-runtime": "^1.0.2",
        "more-entropy": ">=0.0.7",
        "progress": "~1.1.2"
      }
    },
    "tweetnacl": {
      "version": "0.13.3",
      "resolved": "https://registry.npmjs.org/tweetnacl/-/tweetnacl-0.13.3.tgz",
      "integrity": "sha1-1ii1bzvMPVrnS6nUwacE3vWrS1Y="
    },
    "uint64be": {
      "version": "1.0.1",
      "resolved": "https://registry.npmjs.org/uint64be/-/uint64be-1.0.1.tgz",
      "integrity": "sha1-H3FUIC8qG4rzU4cd2mUb80zpPpU="
    }
  }
}
